{
  "object": {
    "pins": [
      {
        "package": "AKButton",
        "repositoryURL": "https://github.com/akolov/AKButton.git",
        "state": {
          "branch": "main",
          "revision": "05e411698dd60d3a54b87546c2c6ca40a344da2c",
          "version": null
        }
      }
    ]
  },
  "version": 1
}
