{
  "object": {
    "pins": [
      {
        "package": "AKButton",
        "repositoryURL": "https://github.com/akolov/AKButton.git",
        "state": {
          "branch": "master",
          "revision": "5c7e9b37ed4c83352cfa3227f2da47ffe119ccc5",
          "version": null
        }
      }
    ]
  },
  "version": 1
}
